
Microsoft Visual Studio Solution File, Format Version 12.00
# Visual Studio Version 17
VisualStudioVersion = 17.4.33103.184
MinimumVisualStudioVersion = 10.0.40219.1
Project("{9A19103F-16F7-4668-BE54-9A1E7A4F7556}") = "ConfigDemoAPI", "ConfigDemoAPI\ConfigDemoAPI.csproj", "{06664736-7261-484C-8F78-71D899F99006}"
EndProject
Project("{9A19103F-16F7-4668-BE54-9A1E7A4F7556}") = "ConfigDemoAPI.Core", "ConfigDemoAPI.Core\ConfigDemoAPI.Core.csproj", "{9267644D-EA6D-4975-A06A-7D16119DE8A4}"
EndProject
Project("{FAE04EC0-301F-11D3-BF4B-00C04F79EFBC}") = "ConfigDemoAPI.Infrastructure", "ConfigDemoAPI.Infrastructure\ConfigDemoAPI.Infrastructure.csproj", "{713B113C-D277-456C-9405-667AE6DA3946}"
EndProject
Global
	GlobalSection(SolutionConfigurationPlatforms) = preSolution
		Debug|Any CPU = Debug|Any CPU
		Release|Any CPU = Release|Any CPU
	EndGlobalSection
	GlobalSection(ProjectConfigurationPlatforms) = postSolution
		{06664736-7261-484C-8F78-71D899F99006}.Debug|Any CPU.ActiveCfg = Debug|Any CPU
		{06664736-7261-484C-8F78-71D899F99006}.Debug|Any CPU.Build.0 = Debug|Any CPU
		{06664736-7261-484C-8F78-71D899F99006}.Release|Any CPU.ActiveCfg = Release|Any CPU
		{06664736-7261-484C-8F78-71D899F99006}.Release|Any CPU.Build.0 = Release|Any CPU
		{9267644D-EA6D-4975-A06A-7D16119DE8A4}.Debug|Any CPU.ActiveCfg = Debug|Any CPU
		{9267644D-EA6D-4975-A06A-7D16119DE8A4}.Debug|Any CPU.Build.0 = Debug|Any CPU
		{9267644D-EA6D-4975-A06A-7D16119DE8A4}.Release|Any CPU.ActiveCfg = Release|Any CPU
		{9267644D-EA6D-4975-A06A-7D16119DE8A4}.Release|Any CPU.Build.0 = Release|Any CPU
		{713B113C-D277-456C-9405-667AE6DA3946}.Debug|Any CPU.ActiveCfg = Debug|Any CPU
		{713B113C-D277-456C-9405-667AE6DA3946}.Debug|Any CPU.Build.0 = Debug|Any CPU
		{713B113C-D277-456C-9405-667AE6DA3946}.Release|Any CPU.ActiveCfg = Release|Any CPU
		{713B113C-D277-456C-9405-667AE6DA3946}.Release|Any CPU.Build.0 = Release|Any CPU
	EndGlobalSection
	GlobalSection(SolutionProperties) = preSolution
		HideSolutionNode = FALSE
	EndGlobalSection
	GlobalSection(ExtensibilityGlobals) = postSolution
		SolutionGuid = {57CD9F72-DC57-4F28-A292-E76BCB12F351}
	EndGlobalSection
EndGlobal
